// !$*UTF8*$!
{
	archiveVersion = 1;
	classes = {
	};
	objectVersion = 56;
	objects = {

/* Begin PBXBuildFile section */
		B10000000000000000000001 /* GeomagCaptureApp.swift in Sources */ = {isa = PBXBuildFile; fileRef = B20000000000000000000001 /* GeomagCaptureApp.swift */; };
		B10000000000000000000002 /* ContentView.swift in Sources */ = {isa = PBXBuildFile; fileRef = B20000000000000000000002 /* ContentView.swift */; };
		B10000000000000000000003 /* MotionRecorder.swift in Sources */ = {isa = PBXBuildFile; fileRef = B20000000000000000000003 /* MotionRecorder.swift */; };
		B10000000000000000000004 /* CapturePackage.swift in Sources */ = {isa = PBXBuildFile; fileRef = B20000000000000000000004 /* CapturePackage.swift */; };
		B10000000000000000000007 /* CaptureRecoveryStore.swift in Sources */ = {isa = PBXBuildFile; fileRef = B20000000000000000000007 /* CaptureRecoveryStore.swift */; };
		C10000000000000000000001 /* CapturePackageTests.swift in Sources */ = {isa = PBXBuildFile; fileRef = C20000000000000000000001 /* CapturePackageTests.swift */; };
/* End PBXBuildFile section */

/* Begin PBXContainerItemProxy section */
		C60000000000000000000001 /* PBXContainerItemProxy */ = {
			isa = PBXContainerItemProxy;
			containerPortal = B60000000000000000000001 /* Project object */;
			proxyType = 1;
			remoteGlobalIDString = B50000000000000000000001;
			remoteInfo = GeomagCapture;
		};
/* End PBXContainerItemProxy section */

/* Begin PBXFileReference section */
		B20000000000000000000001 /* GeomagCaptureApp.swift */ = {isa = PBXFileReference; lastKnownFileType = sourcecode.swift; path = GeomagCaptureApp.swift; sourceTree = "<group>"; };
		B20000000000000000000002 /* ContentView.swift */ = {isa = PBXFileReference; lastKnownFileType = sourcecode.swift; path = ContentView.swift; sourceTree = "<group>"; };
		B20000000000000000000003 /* MotionRecorder.swift */ = {isa = PBXFileReference; lastKnownFileType = sourcecode.swift; path = MotionRecorder.swift; sourceTree = "<group>"; };
		B20000000000000000000004 /* CapturePackage.swift */ = {isa = PBXFileReference; lastKnownFileType = sourcecode.swift; path = CapturePackage.swift; sourceTree = "<group>"; };
		B20000000000000000000005 /* Info.plist */ = {isa = PBXFileReference; lastKnownFileType = text.plist.xml; path = Info.plist; sourceTree = "<group>"; };
		B20000000000000000000006 /* GeomagCapture.app */ = {isa = PBXFileReference; explicitFileType = wrapper.application; includeInIndex = 0; path = GeomagCapture.app; sourceTree = BUILT_PRODUCTS_DIR; };
		B20000000000000000000007 /* CaptureRecoveryStore.swift */ = {isa = PBXFileReference; lastKnownFileType = sourcecode.swift; path = CaptureRecoveryStore.swift; sourceTree = "<group>"; };
		C20000000000000000000001 /* CapturePackageTests.swift */ = {isa = PBXFileReference; lastKnownFileType = sourcecode.swift; path = CapturePackageTests.swift; sourceTree = "<group>"; };
		C20000000000000000000002 /* GeomagCaptureTests.xctest */ = {isa = PBXFileReference; explicitFileType = wrapper.cfbundle; includeInIndex = 0; path = GeomagCaptureTests.xctest; sourceTree = BUILT_PRODUCTS_DIR; };
/* End PBXFileReference section */

/* Begin PBXFrameworksBuildPhase section */
		B30000000000000000000001 /* Frameworks */ = {
			isa = PBXFrameworksBuildPhase;
			buildActionMask = 2147483647;
			files = (
			);
			runOnlyForDeploymentPostprocessing = 0;
		};
		C30000000000000000000001 /* Frameworks */ = {
			isa = PBXFrameworksBuildPhase;
			buildActionMask = 2147483647;
			files = (
			);
			runOnlyForDeploymentPostprocessing = 0;
		};
/* End PBXFrameworksBuildPhase section */

/* Begin PBXGroup section */
		B40000000000000000000001 = {
			isa = PBXGroup;
			children = (
				B40000000000000000000002 /* GeomagCapture */,
				C40000000000000000000001 /* GeomagCaptureTests */,
				B40000000000000000000003 /* Products */,
			);
			sourceTree = "<group>";
		};
		B40000000000000000000002 /* GeomagCapture */ = {
			isa = PBXGroup;
			children = (
				B20000000000000000000001 /* GeomagCaptureApp.swift */,
				B20000000000000000000002 /* ContentView.swift */,
				B20000000000000000000003 /* MotionRecorder.swift */,
				B20000000000000000000004 /* CapturePackage.swift */,
				B20000000000000000000007 /* CaptureRecoveryStore.swift */,
				B20000000000000000000005 /* Info.plist */,
			);
			path = GeomagCapture;
			sourceTree = "<group>";
		};
		B40000000000000000000003 /* Products */ = {
			isa = PBXGroup;
			children = (
				B20000000000000000000006 /* GeomagCapture.app */,
				C20000000000000000000002 /* GeomagCaptureTests.xctest */,
			);
			name = Products;
			sourceTree = "<group>";
		};
		C40000000000000000000001 /* GeomagCaptureTests */ = {
			isa = PBXGroup;
			children = (
				C20000000000000000000001 /* CapturePackageTests.swift */,
			);
			path = GeomagCaptureTests;
			sourceTree = "<group>";
		};
/* End PBXGroup section */

/* Begin PBXNativeTarget section */
		B50000000000000000000001 /* GeomagCapture */ = {
			isa = PBXNativeTarget;
			buildConfigurationList = B90000000000000000000002 /* Build configuration list for PBXNativeTarget "GeomagCapture" */;
			buildPhases = (
				B70000000000000000000001 /* Sources */,
				B30000000000000000000001 /* Frameworks */,
				B80000000000000000000001 /* Resources */,
			);
			buildRules = (
			);
			dependencies = (
			);
			name = GeomagCapture;
			productName = GeomagCapture;
			productReference = B20000000000000000000006 /* GeomagCapture.app */;
			productType = "com.apple.product-type.application";
		};
		C50000000000000000000001 /* GeomagCaptureTests */ = {
			isa = PBXNativeTarget;
			buildConfigurationList = C90000000000000000000001 /* Build configuration list for PBXNativeTarget "GeomagCaptureTests" */;
			buildPhases = (
				C70000000000000000000001 /* Sources */,
				C30000000000000000000001 /* Frameworks */,
				C80000000000000000000001 /* Resources */,
			);
			buildRules = (
			);
			dependencies = (
				C61000000000000000000001 /* PBXTargetDependency */,
			);
			name = GeomagCaptureTests;
			productName = GeomagCaptureTests;
			productReference = C20000000000000000000002 /* GeomagCaptureTests.xctest */;
			productType = "com.apple.product-type.bundle.unit-test";
		};
/* End PBXNativeTarget section */

/* Begin PBXProject section */
		B60000000000000000000001 /* Project object */ = {
			isa = PBXProject;
			attributes = {
				BuildIndependentTargetsInParallel = 1;
				LastSwiftUpdateCheck = 2660;
				LastUpgradeCheck = 2660;
				TargetAttributes = {
					B50000000000000000000001 = {
						CreatedOnToolsVersion = 26.6;
					};
					C50000000000000000000001 = {
						CreatedOnToolsVersion = 26.6;
						TestTargetID = B50000000000000000000001;
					};
				};
			};
			buildConfigurationList = B90000000000000000000001 /* Build configuration list for PBXProject "GeomagCapture" */;
			compatibilityVersion = "Xcode 14.0";
			developmentRegion = en;
			hasScannedForEncodings = 0;
			knownRegions = (
				en,
				Base,
			);
			mainGroup = B40000000000000000000001;
			productRefGroup = B40000000000000000000003 /* Products */;
			projectDirPath = "";
			projectRoot = "";
			targets = (
				B50000000000000000000001 /* GeomagCapture */,
				C50000000000000000000001 /* GeomagCaptureTests */,
			);
		};
/* End PBXProject section */

/* Begin PBXResourcesBuildPhase section */
		B80000000000000000000001 /* Resources */ = {
			isa = PBXResourcesBuildPhase;
			buildActionMask = 2147483647;
			files = (
			);
			runOnlyForDeploymentPostprocessing = 0;
		};
		C80000000000000000000001 /* Resources */ = {
			isa = PBXResourcesBuildPhase;
			buildActionMask = 2147483647;
			files = (
			);
			runOnlyForDeploymentPostprocessing = 0;
		};
/* End PBXResourcesBuildPhase section */

/* Begin PBXSourcesBuildPhase section */
		B70000000000000000000001 /* Sources */ = {
			isa = PBXSourcesBuildPhase;
			buildActionMask = 2147483647;
			files = (
				B10000000000000000000001 /* GeomagCaptureApp.swift in Sources */,
				B10000000000000000000002 /* ContentView.swift in Sources */,
				B10000000000000000000003 /* MotionRecorder.swift in Sources */,
				B10000000000000000000004 /* CapturePackage.swift in Sources */,
				B10000000000000000000007 /* CaptureRecoveryStore.swift in Sources */,
			);
			runOnlyForDeploymentPostprocessing = 0;
		};
		C70000000000000000000001 /* Sources */ = {
			isa = PBXSourcesBuildPhase;
			buildActionMask = 2147483647;
			files = (
				C10000000000000000000001 /* CapturePackageTests.swift in Sources */,
			);
			runOnlyForDeploymentPostprocessing = 0;
		};
/* End PBXSourcesBuildPhase section */

/* Begin PBXTargetDependency section */
		C61000000000000000000001 /* PBXTargetDependency */ = {
			isa = PBXTargetDependency;
			target = B50000000000000000000001 /* GeomagCapture */;
			targetProxy = C60000000000000000000001 /* PBXContainerItemProxy */;
		};
/* End PBXTargetDependency section */

/* Begin XCBuildConfiguration section */
		BA0000000000000000000001 /* Debug */ = {
			isa = XCBuildConfiguration;
			buildSettings = {
				ALWAYS_SEARCH_USER_PATHS = NO;
				CLANG_ENABLE_MODULES = YES;
				CLANG_ENABLE_OBJC_ARC = YES;
				COPY_PHASE_STRIP = NO;
				DEBUG_INFORMATION_FORMAT = dwarf;
				ENABLE_TESTABILITY = YES;
				GCC_C_LANGUAGE_STANDARD = gnu17;
				GCC_OPTIMIZATION_LEVEL = 0;
				IPHONEOS_DEPLOYMENT_TARGET = 16.0;
				MTL_ENABLE_DEBUG_INFO = INCLUDE_SOURCE;
				ONLY_ACTIVE_ARCH = YES;
				SDKROOT = iphoneos;
				SWIFT_ACTIVE_COMPILATION_CONDITIONS = "DEBUG $(inherited)";
				SWIFT_OPTIMIZATION_LEVEL = "-Onone";
			};
			name = Debug;
		};
		BA0000000000000000000002 /* Release */ = {
			isa = XCBuildConfiguration;
			buildSettings = {
				ALWAYS_SEARCH_USER_PATHS = NO;
				CLANG_ENABLE_MODULES = YES;
				CLANG_ENABLE_OBJC_ARC = YES;
				DEBUG_INFORMATION_FORMAT = "dwarf-with-dsym";
				ENABLE_NS_ASSERTIONS = NO;
				GCC_C_LANGUAGE_STANDARD = gnu17;
				IPHONEOS_DEPLOYMENT_TARGET = 16.0;
				MTL_ENABLE_DEBUG_INFO = NO;
				SDKROOT = iphoneos;
				SWIFT_COMPILATION_MODE = wholemodule;
				SWIFT_OPTIMIZATION_LEVEL = "-O";
			};
			name = Release;
		};
		BA0000000000000000000003 /* Debug */ = {
			isa = XCBuildConfiguration;
			buildSettings = {
				CODE_SIGN_STYLE = Automatic;
				CURRENT_PROJECT_VERSION = 1;
				DEVELOPMENT_TEAM = 42PR76C5HT;
				GENERATE_INFOPLIST_FILE = NO;
				INFOPLIST_FILE = GeomagCapture/Info.plist;
				IPHONEOS_DEPLOYMENT_TARGET = 16.0;
				MARKETING_VERSION = 0.1.0;
				PRODUCT_BUNDLE_IDENTIFIER = com.xuminglei.GeomagCapture;
				PRODUCT_NAME = "$(TARGET_NAME)";
				SUPPORTED_PLATFORMS = "iphoneos iphonesimulator";
				SUPPORTS_MACCATALYST = NO;
				SWIFT_EMIT_LOC_STRINGS = YES;
				SWIFT_VERSION = 5.0;
				TARGETED_DEVICE_FAMILY = 1;
			};
			name = Debug;
		};
		BA0000000000000000000004 /* Release */ = {
			isa = XCBuildConfiguration;
			buildSettings = {
				CODE_SIGN_STYLE = Automatic;
				CURRENT_PROJECT_VERSION = 1;
				DEVELOPMENT_TEAM = 42PR76C5HT;
				GENERATE_INFOPLIST_FILE = NO;
				INFOPLIST_FILE = GeomagCapture/Info.plist;
				IPHONEOS_DEPLOYMENT_TARGET = 16.0;
				MARKETING_VERSION = 0.1.0;
				PRODUCT_BUNDLE_IDENTIFIER = com.xuminglei.GeomagCapture;
				PRODUCT_NAME = "$(TARGET_NAME)";
				SUPPORTED_PLATFORMS = "iphoneos iphonesimulator";
				SUPPORTS_MACCATALYST = NO;
				SWIFT_EMIT_LOC_STRINGS = YES;
				SWIFT_VERSION = 5.0;
				TARGETED_DEVICE_FAMILY = 1;
			};
			name = Release;
		};
		CA0000000000000000000001 /* Debug */ = {
			isa = XCBuildConfiguration;
			buildSettings = {
				BUNDLE_LOADER = "$(TEST_HOST)";
				CODE_SIGN_STYLE = Automatic;
				GENERATE_INFOPLIST_FILE = YES;
				IPHONEOS_DEPLOYMENT_TARGET = 16.0;
				PRODUCT_BUNDLE_IDENTIFIER = com.xuminglei.GeomagCaptureTests;
				PRODUCT_NAME = "$(TARGET_NAME)";
				SWIFT_VERSION = 5.0;
				TARGETED_DEVICE_FAMILY = 1;
				TEST_HOST = "$(BUILT_PRODUCTS_DIR)/GeomagCapture.app/$(BUNDLE_EXECUTABLE_FOLDER_PATH)/GeomagCapture";
			};
			name = Debug;
		};
		CA0000000000000000000002 /* Release */ = {
			isa = XCBuildConfiguration;
			buildSettings = {
				BUNDLE_LOADER = "$(TEST_HOST)";
				CODE_SIGN_STYLE = Automatic;
				GENERATE_INFOPLIST_FILE = YES;
				IPHONEOS_DEPLOYMENT_TARGET = 16.0;
				PRODUCT_BUNDLE_IDENTIFIER = com.xuminglei.GeomagCaptureTests;
				PRODUCT_NAME = "$(TARGET_NAME)";
				SWIFT_VERSION = 5.0;
				TARGETED_DEVICE_FAMILY = 1;
				TEST_HOST = "$(BUILT_PRODUCTS_DIR)/GeomagCapture.app/$(BUNDLE_EXECUTABLE_FOLDER_PATH)/GeomagCapture";
			};
			name = Release;
		};
/* End XCBuildConfiguration section */

/* Begin XCConfigurationList section */
		B90000000000000000000001 /* Build configuration list for PBXProject "GeomagCapture" */ = {
			isa = XCConfigurationList;
			buildConfigurations = (
				BA0000000000000000000001 /* Debug */,
				BA0000000000000000000002 /* Release */,
			);
			defaultConfigurationIsVisible = 0;
			defaultConfigurationName = Release;
		};
		B90000000000000000000002 /* Build configuration list for PBXNativeTarget "GeomagCapture" */ = {
			isa = XCConfigurationList;
			buildConfigurations = (
				BA0000000000000000000003 /* Debug */,
				BA0000000000000000000004 /* Release */,
			);
			defaultConfigurationIsVisible = 0;
			defaultConfigurationName = Release;
		};
		C90000000000000000000001 /* Build configuration list for PBXNativeTarget "GeomagCaptureTests" */ = {
			isa = XCConfigurationList;
			buildConfigurations = (
				CA0000000000000000000001 /* Debug */,
				CA0000000000000000000002 /* Release */,
			);
			defaultConfigurationIsVisible = 0;
			defaultConfigurationName = Release;
		};
/* End XCConfigurationList section */
	};
	rootObject = B60000000000000000000001 /* Project object */;
}
