// !$*UTF8*$!
{
	archiveVersion = 1;
	classes = {
	};
	objectVersion = 56;
	objects = {

/* Begin PBXBuildFile section */
		A10000000000000000000001 /* GeomagMacApp.swift in Sources */ = {isa = PBXBuildFile; fileRef = A20000000000000000000001 /* GeomagMacApp.swift */; };
		A10000000000000000000002 /* ContentView.swift in Sources */ = {isa = PBXBuildFile; fileRef = A20000000000000000000002 /* ContentView.swift */; };
		A10000000000000000000003 /* PositioningResult.swift in Sources */ = {isa = PBXBuildFile; fileRef = A20000000000000000000003 /* PositioningResult.swift */; };
		A10000000000000000000004 /* AppModel.swift in Sources */ = {isa = PBXBuildFile; fileRef = A20000000000000000000004 /* AppModel.swift */; };
		A10000000000000000000005 /* MetricCard.swift in Sources */ = {isa = PBXBuildFile; fileRef = A20000000000000000000005 /* MetricCard.swift */; };
		A10000000000000000000006 /* TrajectoryCanvas.swift in Sources */ = {isa = PBXBuildFile; fileRef = A20000000000000000000006 /* TrajectoryCanvas.swift */; };
		A10000000000000000000007 /* v7_final_route1_run2.json in Resources */ = {isa = PBXBuildFile; fileRef = A20000000000000000000007 /* v7_final_route1_run2.json */; };
		A10000000000000000000008 /* v7_final_route2_run1.json in Resources */ = {isa = PBXBuildFile; fileRef = A20000000000000000000008 /* v7_final_route2_run1.json */; };
		A10000000000000000000009 /* v7_final_route2_run2.json in Resources */ = {isa = PBXBuildFile; fileRef = A20000000000000000000009 /* v7_final_route2_run2.json */; };
		A1000000000000000000000A /* GeomagBackend in Resources */ = {isa = PBXBuildFile; fileRef = A2000000000000000000000B /* GeomagBackend */; };
		A1000000000000000000000B /* AlgorithmSettings.swift in Sources */ = {isa = PBXBuildFile; fileRef = A2000000000000000000000C /* AlgorithmSettings.swift */; };
/* End PBXBuildFile section */

/* Begin PBXFileReference section */
		A20000000000000000000001 /* GeomagMacApp.swift */ = {isa = PBXFileReference; lastKnownFileType = sourcecode.swift; path = GeomagMacApp.swift; sourceTree = "<group>"; };
		A20000000000000000000002 /* ContentView.swift */ = {isa = PBXFileReference; lastKnownFileType = sourcecode.swift; path = ContentView.swift; sourceTree = "<group>"; };
		A20000000000000000000003 /* PositioningResult.swift */ = {isa = PBXFileReference; lastKnownFileType = sourcecode.swift; path = PositioningResult.swift; sourceTree = "<group>"; };
		A20000000000000000000004 /* AppModel.swift */ = {isa = PBXFileReference; lastKnownFileType = sourcecode.swift; path = AppModel.swift; sourceTree = "<group>"; };
		A20000000000000000000005 /* MetricCard.swift */ = {isa = PBXFileReference; lastKnownFileType = sourcecode.swift; path = MetricCard.swift; sourceTree = "<group>"; };
		A20000000000000000000006 /* TrajectoryCanvas.swift */ = {isa = PBXFileReference; lastKnownFileType = sourcecode.swift; path = TrajectoryCanvas.swift; sourceTree = "<group>"; };
		A20000000000000000000007 /* v7_final_route1_run2.json */ = {isa = PBXFileReference; lastKnownFileType = text.json; path = v7_final_route1_run2.json; sourceTree = "<group>"; };
		A20000000000000000000008 /* v7_final_route2_run1.json */ = {isa = PBXFileReference; lastKnownFileType = text.json; path = v7_final_route2_run1.json; sourceTree = "<group>"; };
		A20000000000000000000009 /* v7_final_route2_run2.json */ = {isa = PBXFileReference; lastKnownFileType = text.json; path = v7_final_route2_run2.json; sourceTree = "<group>"; };
		A2000000000000000000000A /* GeomagMac.app */ = {isa = PBXFileReference; explicitFileType = wrapper.application; includeInIndex = 0; path = GeomagMac.app; sourceTree = BUILT_PRODUCTS_DIR; };
		A2000000000000000000000B /* GeomagBackend */ = {isa = PBXFileReference; explicitFileType = folder; name = GeomagBackend; path = BackendDist/GeomagBackend; sourceTree = SOURCE_ROOT; };
		A2000000000000000000000C /* AlgorithmSettings.swift */ = {isa = PBXFileReference; lastKnownFileType = sourcecode.swift; path = AlgorithmSettings.swift; sourceTree = "<group>"; };
/* End PBXFileReference section */

/* Begin PBXFrameworksBuildPhase section */
		A30000000000000000000001 /* Frameworks */ = {
			isa = PBXFrameworksBuildPhase;
			buildActionMask = 2147483647;
			files = (
			);
			runOnlyForDeploymentPostprocessing = 0;
		};
/* End PBXFrameworksBuildPhase section */

/* Begin PBXGroup section */
		A40000000000000000000001 = {
			isa = PBXGroup;
			children = (
				A40000000000000000000002 /* GeomagMac */,
				A2000000000000000000000B /* GeomagBackend */,
				A40000000000000000000006 /* Products */,
			);
			sourceTree = "<group>";
		};
		A40000000000000000000002 /* GeomagMac */ = {
			isa = PBXGroup;
			children = (
				A20000000000000000000001 /* GeomagMacApp.swift */,
				A20000000000000000000002 /* ContentView.swift */,
				A40000000000000000000003 /* Models */,
				A40000000000000000000004 /* Views */,
				A40000000000000000000005 /* Resources */,
			);
			path = GeomagMac;
			sourceTree = "<group>";
		};
		A40000000000000000000003 /* Models */ = {
			isa = PBXGroup;
			children = (
				A20000000000000000000003 /* PositioningResult.swift */,
				A20000000000000000000004 /* AppModel.swift */,
				A2000000000000000000000C /* AlgorithmSettings.swift */,
			);
			path = Models;
			sourceTree = "<group>";
		};
		A40000000000000000000004 /* Views */ = {
			isa = PBXGroup;
			children = (
				A20000000000000000000005 /* MetricCard.swift */,
				A20000000000000000000006 /* TrajectoryCanvas.swift */,
			);
			path = Views;
			sourceTree = "<group>";
		};
		A40000000000000000000005 /* Resources */ = {
			isa = PBXGroup;
			children = (
				A40000000000000000000007 /* Samples */,
			);
			path = Resources;
			sourceTree = "<group>";
		};
		A40000000000000000000006 /* Products */ = {
			isa = PBXGroup;
			children = (
				A2000000000000000000000A /* GeomagMac.app */,
			);
			name = Products;
			sourceTree = "<group>";
		};
		A40000000000000000000007 /* Samples */ = {
			isa = PBXGroup;
			children = (
				A20000000000000000000007 /* v7_final_route1_run2.json */,
				A20000000000000000000008 /* v7_final_route2_run1.json */,
				A20000000000000000000009 /* v7_final_route2_run2.json */,
			);
			path = Samples;
			sourceTree = "<group>";
		};
/* End PBXGroup section */

/* Begin PBXNativeTarget section */
		A50000000000000000000001 /* GeomagMac */ = {
			isa = PBXNativeTarget;
			buildConfigurationList = A90000000000000000000002 /* Build configuration list for PBXNativeTarget "GeomagMac" */;
			buildPhases = (
				A70000000000000000000001 /* Sources */,
				A30000000000000000000001 /* Frameworks */,
				A80000000000000000000001 /* Resources */,
			);
			buildRules = (
			);
			dependencies = (
			);
			name = GeomagMac;
			productName = GeomagMac;
			productReference = A2000000000000000000000A /* GeomagMac.app */;
			productType = "com.apple.product-type.application";
		};
/* End PBXNativeTarget section */

/* Begin PBXProject section */
		A60000000000000000000001 /* Project object */ = {
			isa = PBXProject;
			attributes = {
				BuildIndependentTargetsInParallel = 1;
				LastSwiftUpdateCheck = 2660;
				LastUpgradeCheck = 2660;
				TargetAttributes = {
					A50000000000000000000001 = {
						CreatedOnToolsVersion = 26.0;
					};
				};
			};
			buildConfigurationList = A90000000000000000000001 /* Build configuration list for PBXProject "GeomagMac" */;
			compatibilityVersion = "Xcode 14.0";
			developmentRegion = en;
			hasScannedForEncodings = 0;
			knownRegions = (
				en,
				Base,
			);
			mainGroup = A40000000000000000000001;
			productRefGroup = A40000000000000000000006 /* Products */;
			projectDirPath = "";
			projectRoot = "";
			targets = (
				A50000000000000000000001 /* GeomagMac */,
			);
		};
/* End PBXProject section */

/* Begin PBXResourcesBuildPhase section */
		A80000000000000000000001 /* Resources */ = {
			isa = PBXResourcesBuildPhase;
			buildActionMask = 2147483647;
			files = (
				A10000000000000000000007 /* v7_final_route1_run2.json in Resources */,
				A10000000000000000000008 /* v7_final_route2_run1.json in Resources */,
				A10000000000000000000009 /* v7_final_route2_run2.json in Resources */,
				A1000000000000000000000A /* GeomagBackend in Resources */,
			);
			runOnlyForDeploymentPostprocessing = 0;
		};
/* End PBXResourcesBuildPhase section */

/* Begin PBXSourcesBuildPhase section */
		A70000000000000000000001 /* Sources */ = {
			isa = PBXSourcesBuildPhase;
			buildActionMask = 2147483647;
			files = (
				A10000000000000000000001 /* GeomagMacApp.swift in Sources */,
				A10000000000000000000002 /* ContentView.swift in Sources */,
				A10000000000000000000003 /* PositioningResult.swift in Sources */,
				A10000000000000000000004 /* AppModel.swift in Sources */,
				A10000000000000000000005 /* MetricCard.swift in Sources */,
				A10000000000000000000006 /* TrajectoryCanvas.swift in Sources */,
				A1000000000000000000000B /* AlgorithmSettings.swift in Sources */,
			);
			runOnlyForDeploymentPostprocessing = 0;
		};
/* End PBXSourcesBuildPhase section */

/* Begin XCBuildConfiguration section */
		AA0000000000000000000001 /* Debug */ = {
			isa = XCBuildConfiguration;
			buildSettings = {
				ALWAYS_SEARCH_USER_PATHS = NO;
				CLANG_ENABLE_MODULES = YES;
				CLANG_ENABLE_OBJC_ARC = YES;
				COPY_PHASE_STRIP = NO;
				DEBUG_INFORMATION_FORMAT = dwarf;
				ENABLE_TESTABILITY = YES;
				GCC_C_LANGUAGE_STANDARD = gnu17;
				GCC_OPTIMIZATION_LEVEL = 0;
				MACOSX_DEPLOYMENT_TARGET = 13.0;
				MTL_ENABLE_DEBUG_INFO = INCLUDE_SOURCE;
				ONLY_ACTIVE_ARCH = YES;
				SDKROOT = macosx;
				SWIFT_ACTIVE_COMPILATION_CONDITIONS = "DEBUG $(inherited)";
				SWIFT_OPTIMIZATION_LEVEL = "-Onone";
			};
			name = Debug;
		};
		AA0000000000000000000002 /* Release */ = {
			isa = XCBuildConfiguration;
			buildSettings = {
				ALWAYS_SEARCH_USER_PATHS = NO;
				CLANG_ENABLE_MODULES = YES;
				CLANG_ENABLE_OBJC_ARC = YES;
				COPY_PHASE_STRIP = NO;
				DEBUG_INFORMATION_FORMAT = "dwarf-with-dsym";
				ENABLE_NS_ASSERTIONS = NO;
				GCC_C_LANGUAGE_STANDARD = gnu17;
				MACOSX_DEPLOYMENT_TARGET = 13.0;
				MTL_ENABLE_DEBUG_INFO = NO;
				SDKROOT = macosx;
				SWIFT_COMPILATION_MODE = wholemodule;
				SWIFT_OPTIMIZATION_LEVEL = "-O";
			};
			name = Release;
		};
		AA0000000000000000000003 /* Debug */ = {
			isa = XCBuildConfiguration;
			buildSettings = {
				ASSETCATALOG_COMPILER_APPICON_NAME = AppIcon;
				CODE_SIGN_STYLE = Automatic;
				COMBINE_HIDPI_IMAGES = YES;
				CURRENT_PROJECT_VERSION = 1;
				ENABLE_HARDENED_RUNTIME = YES;
				GENERATE_INFOPLIST_FILE = YES;
				INFOPLIST_KEY_CFBundleDisplayName = GeomagMac;
				INFOPLIST_KEY_LSApplicationCategoryType = "public.app-category.education";
				MACOSX_DEPLOYMENT_TARGET = 13.0;
				MARKETING_VERSION = 0.1.0;
				PRODUCT_BUNDLE_IDENTIFIER = com.xuminglei.GeomagMac;
				PRODUCT_NAME = "$(TARGET_NAME)";
				SWIFT_EMIT_LOC_STRINGS = YES;
				SWIFT_VERSION = 5.0;
			};
			name = Debug;
		};
		AA0000000000000000000004 /* Release */ = {
			isa = XCBuildConfiguration;
			buildSettings = {
				ASSETCATALOG_COMPILER_APPICON_NAME = AppIcon;
				CODE_SIGN_STYLE = Automatic;
				COMBINE_HIDPI_IMAGES = YES;
				CURRENT_PROJECT_VERSION = 1;
				ENABLE_HARDENED_RUNTIME = YES;
				GENERATE_INFOPLIST_FILE = YES;
				INFOPLIST_KEY_CFBundleDisplayName = GeomagMac;
				INFOPLIST_KEY_LSApplicationCategoryType = "public.app-category.education";
				MACOSX_DEPLOYMENT_TARGET = 13.0;
				MARKETING_VERSION = 0.1.0;
				PRODUCT_BUNDLE_IDENTIFIER = com.xuminglei.GeomagMac;
				PRODUCT_NAME = "$(TARGET_NAME)";
				SWIFT_EMIT_LOC_STRINGS = YES;
				SWIFT_VERSION = 5.0;
			};
			name = Release;
		};
/* End XCBuildConfiguration section */

/* Begin XCConfigurationList section */
		A90000000000000000000001 /* Build configuration list for PBXProject "GeomagMac" */ = {
			isa = XCConfigurationList;
			buildConfigurations = (
				AA0000000000000000000001 /* Debug */,
				AA0000000000000000000002 /* Release */,
			);
			defaultConfigurationIsVisible = 0;
			defaultConfigurationName = Release;
		};
		A90000000000000000000002 /* Build configuration list for PBXNativeTarget "GeomagMac" */ = {
			isa = XCConfigurationList;
			buildConfigurations = (
				AA0000000000000000000003 /* Debug */,
				AA0000000000000000000004 /* Release */,
			);
			defaultConfigurationIsVisible = 0;
			defaultConfigurationName = Release;
		};
/* End XCConfigurationList section */
	};
	rootObject = A60000000000000000000001 /* Project object */;
}
